Microsoft Visual Studio Solution File, Format Version 12.00
# Visual Studio Version 17
VisualStudioVersion = 17.5.2.0
MinimumVisualStudioVersion = 10.0.40219.1
Project("{FAE04EC0-301F-11D3-BF4B-00C04F79EFBC}") = "Extransmutations", "Extransmutations\Extransmutations.csproj", "{71DDD788-51B2-111C-D532-23325D44766A}"
EndProject
Global
	GlobalSection(SolutionConfigurationPlatforms) = preSolution
		Debug|Any CPU = Debug|Any CPU
		Release|Any CPU = Release|Any CPU
	EndGlobalSection
	GlobalSection(ProjectConfigurationPlatforms) = postSolution
		{71DDD788-51B2-111C-D532-23325D44766A}.Debug|Any CPU.ActiveCfg = Debug|Any CPU
		{71DDD788-51B2-111C-D532-23325D44766A}.Debug|Any CPU.Build.0 = Debug|Any CPU
		{71DDD788-51B2-111C-D532-23325D44766A}.Release|Any CPU.ActiveCfg = Release|Any CPU
		{71DDD788-51B2-111C-D532-23325D44766A}.Release|Any CPU.Build.0 = Release|Any CPU
	EndGlobalSection
	GlobalSection(SolutionProperties) = preSolution
		HideSolutionNode = FALSE
	EndGlobalSection
	GlobalSection(ExtensibilityGlobals) = postSolution
		SolutionGuid = {83D754C2-C278-4DD5-B5E5-523ACD7372AD}
	EndGlobalSection
EndGlobal
